// !$*UTF8*$!
{
	archiveVersion = 1;
	classes = {
	};
	objectVersion = 46;
	objects = {

/* Begin PBXBuildFile section */
		86C2AA501A4B65090001B5B8 /* AppDelegate.swift in Sources */ = {isa = PBXBuildFile; fileRef = 86C2AA4F1A4B65090001B5B8 /* AppDelegate.swift */; };
		86C2AA521A4B65090001B5B8 /* ViewController.swift in Sources */ = {isa = PBXBuildFile; fileRef = 86C2AA511A4B65090001B5B8 /* ViewController.swift */; };
		86C2AA551A4B65090001B5B8 /* Main.storyboard in Resources */ = {isa = PBXBuildFile; fileRef = 86C2AA531A4B65090001B5B8 /* Main.storyboard */; };
		86C2AA571A4B65090001B5B8 /* Images.xcassets in Resources */ = {isa = PBXBuildFile; fileRef = 86C2AA561A4B65090001B5B8 /* Images.xcassets */; };
		86C2AA5A1A4B65090001B5B8 /* LaunchScreen.xib in Resources */ = {isa = PBXBuildFile; fileRef = 86C2AA581A4B65090001B5B8 /* LaunchScreen.xib */; };
		86C2AA661A4B65090001B5B8 /* Aula04PUCTableViewTests.swift in Sources */ = {isa = PBXBuildFile; fileRef = 86C2AA651A4B65090001B5B8 /* Aula04PUCTableViewTests.swift */; };
		86C2AA701A4B68DA0001B5B8 /* CustomTableViewCell.swift in Sources */ = {isa = PBXBuildFile; fileRef = 86C2AA6F1A4B68DA0001B5B8 /* CustomTableViewCell.swift */; };
/* End PBXBuildFile section */

/* Begin PBXContainerItemProxy section */
		86C2AA601A4B65090001B5B8 /* PBXContainerItemProxy */ = {
			isa = PBXContainerItemProxy;
			containerPortal = 86C2AA421A4B65090001B5B8 /* Project object */;
			proxyType = 1;
			remoteGlobalIDString = 86C2AA491A4B65090001B5B8;
			remoteInfo = Aula04PUCTableView;
		};
/* End PBXContainerItemProxy section */

/* Begin PBXFileReference section */
		86C2AA4A1A4B65090001B5B8 /* Aula04PUCTableView.app */ = {isa = PBXFileReference; explicitFileType = wrapper.application; includeInIndex = 0; path = Aula04PUCTableView.app; sourceTree = BUILT_PRODUCTS_DIR; };
		86C2AA4E1A4B65090001B5B8 /* Info.plist */ = {isa = PBXFileReference; lastKnownFileType = text.plist.xml; path = Info.plist; sourceTree = "<group>"; };
		86C2AA4F1A4B65090001B5B8 /* AppDelegate.swift */ = {isa = PBXFileReference; lastKnownFileType = sourcecode.swift; path = AppDelegate.swift; sourceTree = "<group>"; };
		86C2AA511A4B65090001B5B8 /* ViewController.swift */ = {isa = PBXFileReference; lastKnownFileType = sourcecode.swift; path = ViewController.swift; sourceTree = "<group>"; };
		86C2AA541A4B65090001B5B8 /* Base */ = {isa = PBXFileReference; lastKnownFileType = file.storyboard; name = Base; path = Base.lproj/Main.storyboard; sourceTree = "<group>"; };
		86C2AA561A4B65090001B5B8 /* Images.xcassets */ = {isa = PBXFileReference; lastKnownFileType = folder.assetcatalog; path = Images.xcassets; sourceTree = "<group>"; };
		86C2AA591A4B65090001B5B8 /* Base */ = {isa = PBXFileReference; lastKnownFileType = file.xib; name = Base; path = Base.lproj/LaunchScreen.xib; sourceTree = "<group>"; };
		86C2AA5F1A4B65090001B5B8 /* Aula04PUCTableViewTests.xctest */ = {isa = PBXFileReference; explicitFileType = wrapper.cfbundle; includeInIndex = 0; path = Aula04PUCTableViewTests.xctest; sourceTree = BUILT_PRODUCTS_DIR; };
		86C2AA641A4B65090001B5B8 /* Info.plist */ = {isa = PBXFileReference; lastKnownFileType = text.plist.xml; path = Info.plist; sourceTree = "<group>"; };
		86C2AA651A4B65090001B5B8 /* Aula04PUCTableViewTests.swift */ = {isa = PBXFileReference; lastKnownFileType = sourcecode.swift; path = Aula04PUCTableViewTests.swift; sourceTree = "<group>"; };
		86C2AA6F1A4B68DA0001B5B8 /* CustomTableViewCell.swift */ = {isa = PBXFileReference; fileEncoding = 4; lastKnownFileType = sourcecode.swift; path = CustomTableViewCell.swift; sourceTree = "<group>"; };
/* End PBXFileReference section */

/* Begin PBXFrameworksBuildPhase section */
		86C2AA471A4B65090001B5B8 /* Frameworks */ = {
			isa = PBXFrameworksBuildPhase;
			buildActionMask = 2147483647;
			files = (
			);
			runOnlyForDeploymentPostprocessing = 0;
		};
		86C2AA5C1A4B65090001B5B8 /* Frameworks */ = {
			isa = PBXFrameworksBuildPhase;
			buildActionMask = 2147483647;
			files = (
			);
			runOnlyForDeploymentPostprocessing = 0;
		};
/* End PBXFrameworksBuildPhase section */

/* Begin PBXGroup section */
		86C2AA411A4B65090001B5B8 = {
			isa = PBXGroup;
			children = (
				86C2AA4C1A4B65090001B5B8 /* Aula04PUCTableView */,
				86C2AA621A4B65090001B5B8 /* Aula04PUCTableViewTests */,
				86C2AA4B1A4B65090001B5B8 /* Products */,
			);
			sourceTree = "<group>";
		};
		86C2AA4B1A4B65090001B5B8 /* Products */ = {
			isa = PBXGroup;
			children = (
				86C2AA4A1A4B65090001B5B8 /* Aula04PUCTableView.app */,
				86C2AA5F1A4B65090001B5B8 /* Aula04PUCTableViewTests.xctest */,
			);
			name = Products;
			sourceTree = "<group>";
		};
		86C2AA4C1A4B65090001B5B8 /* Aula04PUCTableView */ = {
			isa = PBXGroup;
			children = (
				86C2AA4F1A4B65090001B5B8 /* AppDelegate.swift */,
				86C2AA511A4B65090001B5B8 /* ViewController.swift */,
				86C2AA531A4B65090001B5B8 /* Main.storyboard */,
				86C2AA6F1A4B68DA0001B5B8 /* CustomTableViewCell.swift */,
				86C2AA561A4B65090001B5B8 /* Images.xcassets */,
				86C2AA581A4B65090001B5B8 /* LaunchScreen.xib */,
				86C2AA4D1A4B65090001B5B8 /* Supporting Files */,
			);
			path = Aula04PUCTableView;
			sourceTree = "<group>";
		};
		86C2AA4D1A4B65090001B5B8 /* Supporting Files */ = {
			isa = PBXGroup;
			children = (
				86C2AA4E1A4B65090001B5B8 /* Info.plist */,
			);
			name = "Supporting Files";
			sourceTree = "<group>";
		};
		86C2AA621A4B65090001B5B8 /* Aula04PUCTableViewTests */ = {
			isa = PBXGroup;
			children = (
				86C2AA651A4B65090001B5B8 /* Aula04PUCTableViewTests.swift */,
				86C2AA631A4B65090001B5B8 /* Supporting Files */,
			);
			path = Aula04PUCTableViewTests;
			sourceTree = "<group>";
		};
		86C2AA631A4B65090001B5B8 /* Supporting Files */ = {
			isa = PBXGroup;
			children = (
				86C2AA641A4B65090001B5B8 /* Info.plist */,
			);
			name = "Supporting Files";
			sourceTree = "<group>";
		};
/* End PBXGroup section */

/* Begin PBXNativeTarget section */
		86C2AA491A4B65090001B5B8 /* Aula04PUCTableView */ = {
			isa = PBXNativeTarget;
			buildConfigurationList = 86C2AA691A4B65090001B5B8 /* Build configuration list for PBXNativeTarget "Aula04PUCTableView" */;
			buildPhases = (
				86C2AA461A4B65090001B5B8 /* Sources */,
				86C2AA471A4B65090001B5B8 /* Frameworks */,
				86C2AA481A4B65090001B5B8 /* Resources */,
			);
			buildRules = (
			);
			dependencies = (
			);
			name = Aula04PUCTableView;
			productName = Aula04PUCTableView;
			productReference = 86C2AA4A1A4B65090001B5B8 /* Aula04PUCTableView.app */;
			productType = "com.apple.product-type.application";
		};
		86C2AA5E1A4B65090001B5B8 /* Aula04PUCTableViewTests */ = {
			isa = PBXNativeTarget;
			buildConfigurationList = 86C2AA6C1A4B65090001B5B8 /* Build configuration list for PBXNativeTarget "Aula04PUCTableViewTests" */;
			buildPhases = (
				86C2AA5B1A4B65090001B5B8 /* Sources */,
				86C2AA5C1A4B65090001B5B8 /* Frameworks */,
				86C2AA5D1A4B65090001B5B8 /* Resources */,
			);
			buildRules = (
			);
			dependencies = (
				86C2AA611A4B65090001B5B8 /* PBXTargetDependency */,
			);
			name = Aula04PUCTableViewTests;
			productName = Aula04PUCTableViewTests;
			productReference = 86C2AA5F1A4B65090001B5B8 /* Aula04PUCTableViewTests.xctest */;
			productType = "com.apple.product-type.bundle.unit-test";
		};
/* End PBXNativeTarget section */

/* Begin PBXProject section */
		86C2AA421A4B65090001B5B8 /* Project object */ = {
			isa = PBXProject;
			attributes = {
				LastUpgradeCheck = 0610;
				ORGANIZATIONNAME = "Eduardo dos santos";
				TargetAttributes = {
					86C2AA491A4B65090001B5B8 = {
						CreatedOnToolsVersion = 6.1.1;
					};
					86C2AA5E1A4B65090001B5B8 = {
						CreatedOnToolsVersion = 6.1.1;
						TestTargetID = 86C2AA491A4B65090001B5B8;
					};
				};
			};
			buildConfigurationList = 86C2AA451A4B65090001B5B8 /* Build configuration list for PBXProject "Aula04PUCTableView" */;
			compatibilityVersion = "Xcode 3.2";
			developmentRegion = English;
			hasScannedForEncodings = 0;
			knownRegions = (
				en,
				Base,
			);
			mainGroup = 86C2AA411A4B65090001B5B8;
			productRefGroup = 86C2AA4B1A4B65090001B5B8 /* Products */;
			projectDirPath = "";
			projectRoot = "";
			targets = (
				86C2AA491A4B65090001B5B8 /* Aula04PUCTableView */,
				86C2AA5E1A4B65090001B5B8 /* Aula04PUCTableViewTests */,
			);
		};
/* End PBXProject section */

/* Begin PBXResourcesBuildPhase section */
		86C2AA481A4B65090001B5B8 /* Resources */ = {
			isa = PBXResourcesBuildPhase;
			buildActionMask = 2147483647;
			files = (
				86C2AA551A4B65090001B5B8 /* Main.storyboard in Resources */,
				86C2AA5A1A4B65090001B5B8 /* LaunchScreen.xib in Resources */,
				86C2AA571A4B65090001B5B8 /* Images.xcassets in Resources */,
			);
			runOnlyForDeploymentPostprocessing = 0;
		};
		86C2AA5D1A4B65090001B5B8 /* Resources */ = {
			isa = PBXResourcesBuildPhase;
			buildActionMask = 2147483647;
			files = (
			);
			runOnlyForDeploymentPostprocessing = 0;
		};
/* End PBXResourcesBuildPhase section */

/* Begin PBXSourcesBuildPhase section */
		86C2AA461A4B65090001B5B8 /* Sources */ = {
			isa = PBXSourcesBuildPhase;
			buildActionMask = 2147483647;
			files = (
				86C2AA701A4B68DA0001B5B8 /* CustomTableViewCell.swift in Sources */,
				86C2AA521A4B65090001B5B8 /* ViewController.swift in Sources */,
				86C2AA501A4B65090001B5B8 /* AppDelegate.swift in Sources */,
			);
			runOnlyForDeploymentPostprocessing = 0;
		};
		86C2AA5B1A4B65090001B5B8 /* Sources */ = {
			isa = PBXSourcesBuildPhase;
			buildActionMask = 2147483647;
			files = (
				86C2AA661A4B65090001B5B8 /* Aula04PUCTableViewTests.swift in Sources */,
			);
			runOnlyForDeploymentPostprocessing = 0;
		};
/* End PBXSourcesBuildPhase section */

/* Begin PBXTargetDependency section */
		86C2AA611A4B65090001B5B8 /* PBXTargetDependency */ = {
			isa = PBXTargetDependency;
			target = 86C2AA491A4B65090001B5B8 /* Aula04PUCTableView */;
			targetProxy = 86C2AA601A4B65090001B5B8 /* PBXContainerItemProxy */;
		};
/* End PBXTargetDependency section */

/* Begin PBXVariantGroup section */
		86C2AA531A4B65090001B5B8 /* Main.storyboard */ = {
			isa = PBXVariantGroup;
			children = (
				86C2AA541A4B65090001B5B8 /* Base */,
			);
			name = Main.storyboard;
			sourceTree = "<group>";
		};
		86C2AA581A4B65090001B5B8 /* LaunchScreen.xib */ = {
			isa = PBXVariantGroup;
			children = (
				86C2AA591A4B65090001B5B8 /* Base */,
			);
			name = LaunchScreen.xib;
			sourceTree = "<group>";
		};
/* End PBXVariantGroup section */

/* Begin XCBuildConfiguration section */
		86C2AA671A4B65090001B5B8 /* Debug */ = {
			isa = XCBuildConfiguration;
			buildSettings = {
				ALWAYS_SEARCH_USER_PATHS = NO;
				CLANG_CXX_LANGUAGE_STANDARD = "gnu++0x";
				CLANG_CXX_LIBRARY = "libc++";
				CLANG_ENABLE_MODULES = YES;
				CLANG_ENABLE_OBJC_ARC = YES;
				CLANG_WARN_BOOL_CONVERSION = YES;
				CLANG_WARN_CONSTANT_CONVERSION = YES;
				CLANG_WARN_DIRECT_OBJC_ISA_USAGE = YES_ERROR;
				CLANG_WARN_EMPTY_BODY = YES;
				CLANG_WARN_ENUM_CONVERSION = YES;
				CLANG_WARN_INT_CONVERSION = YES;
				CLANG_WARN_OBJC_ROOT_CLASS = YES_ERROR;
				CLANG_WARN_UNREACHABLE_CODE = YES;
				CLANG_WARN__DUPLICATE_METHOD_MATCH = YES;
				"CODE_SIGN_IDENTITY[sdk=iphoneos*]" = "iPhone Developer";
				COPY_PHASE_STRIP = NO;
				ENABLE_STRICT_OBJC_MSGSEND = YES;
				GCC_C_LANGUAGE_STANDARD = gnu99;
				GCC_DYNAMIC_NO_PIC = NO;
				GCC_OPTIMIZATION_LEVEL = 0;
				GCC_PREPROCESSOR_DEFINITIONS = (
					"DEBUG=1",
					"$(inherited)",
				);
				GCC_SYMBOLS_PRIVATE_EXTERN = NO;
				GCC_WARN_64_TO_32_BIT_CONVERSION = YES;
				GCC_WARN_ABOUT_RETURN_TYPE = YES_ERROR;
				GCC_WARN_UNDECLARED_SELECTOR = YES;
				GCC_WARN_UNINITIALIZED_AUTOS = YES_AGGRESSIVE;
				GCC_WARN_UNUSED_FUNCTION = YES;
				GCC_WARN_UNUSED_VARIABLE = YES;
				IPHONEOS_DEPLOYMENT_TARGET = 8.1;
				MTL_ENABLE_DEBUG_INFO = YES;
				ONLY_ACTIVE_ARCH = YES;
				SDKROOT = iphoneos;
				SWIFT_OPTIMIZATION_LEVEL = "-Onone";
				TARGETED_DEVICE_FAMILY = "1,2";
			};
			name = Debug;
		};
		86C2AA681A4B65090001B5B8 /* Release */ = {
			isa = XCBuildConfiguration;
			buildSettings = {
				ALWAYS_SEARCH_USER_PATHS = NO;
				CLANG_CXX_LANGUAGE_STANDARD = "gnu++0x";
				CLANG_CXX_LIBRARY = "libc++";
				CLANG_ENABLE_MODULES = YES;
				CLANG_ENABLE_OBJC_ARC = YES;
				CLANG_WARN_BOOL_CONVERSION = YES;
				CLANG_WARN_CONSTANT_CONVERSION = YES;
				CLANG_WARN_DIRECT_OBJC_ISA_USAGE = YES_ERROR;
				CLANG_WARN_EMPTY_BODY = YES;
				CLANG_WARN_ENUM_CONVERSION = YES;
				CLANG_WARN_INT_CONVERSION = YES;
				CLANG_WARN_OBJC_ROOT_CLASS = YES_ERROR;
				CLANG_WARN_UNREACHABLE_CODE = YES;
				CLANG_WARN__DUPLICATE_METHOD_MATCH = YES;
				"CODE_SIGN_IDENTITY[sdk=iphoneos*]" = "iPhone Developer";
				COPY_PHASE_STRIP = YES;
				ENABLE_NS_ASSERTIONS = NO;
				ENABLE_STRICT_OBJC_MSGSEND = YES;
				GCC_C_LANGUAGE_STANDARD = gnu99;
				GCC_WARN_64_TO_32_BIT_CONVERSION = YES;
				GCC_WARN_ABOUT_RETURN_TYPE = YES_ERROR;
				GCC_WARN_UNDECLARED_SELECTOR = YES;
				GCC_WARN_UNINITIALIZED_AUTOS = YES_AGGRESSIVE;
				GCC_WARN_UNUSED_FUNCTION = YES;
				GCC_WARN_UNUSED_VARIABLE = YES;
				IPHONEOS_DEPLOYMENT_TARGET = 8.1;
				MTL_ENABLE_DEBUG_INFO = NO;
				SDKROOT = iphoneos;
				TARGETED_DEVICE_FAMILY = "1,2";
				VALIDATE_PRODUCT = YES;
			};
			name = Release;
		};
		86C2AA6A1A4B65090001B5B8 /* Debug */ = {
			isa = XCBuildConfiguration;
			buildSettings = {
				ASSETCATALOG_COMPILER_APPICON_NAME = AppIcon;
				INFOPLIST_FILE = Aula04PUCTableView/Info.plist;
				LD_RUNPATH_SEARCH_PATHS = "$(inherited) @executable_path/Frameworks";
				PRODUCT_NAME = "$(TARGET_NAME)";
			};
			name = Debug;
		};
		86C2AA6B1A4B65090001B5B8 /* Release */ = {
			isa = XCBuildConfiguration;
			buildSettings = {
				ASSETCATALOG_COMPILER_APPICON_NAME = AppIcon;
				INFOPLIST_FILE = Aula04PUCTableView/Info.plist;
				LD_RUNPATH_SEARCH_PATHS = "$(inherited) @executable_path/Frameworks";
				PRODUCT_NAME = "$(TARGET_NAME)";
			};
			name = Release;
		};
		86C2AA6D1A4B65090001B5B8 /* Debug */ = {
			isa = XCBuildConfiguration;
			buildSettings = {
				BUNDLE_LOADER = "$(TEST_HOST)";
				FRAMEWORK_SEARCH_PATHS = (
					"$(SDKROOT)/Developer/Library/Frameworks",
					"$(inherited)",
				);
				GCC_PREPROCESSOR_DEFINITIONS = (
					"DEBUG=1",
					"$(inherited)",
				);
				INFOPLIST_FILE = Aula04PUCTableViewTests/Info.plist;
				LD_RUNPATH_SEARCH_PATHS = "$(inherited) @executable_path/Frameworks @loader_path/Frameworks";
				PRODUCT_NAME = "$(TARGET_NAME)";
				TEST_HOST = "$(BUILT_PRODUCTS_DIR)/Aula04PUCTableView.app/Aula04PUCTableView";
			};
			name = Debug;
		};
		86C2AA6E1A4B65090001B5B8 /* Release */ = {
			isa = XCBuildConfiguration;
			buildSettings = {
				BUNDLE_LOADER = "$(TEST_HOST)";
				FRAMEWORK_SEARCH_PATHS = (
					"$(SDKROOT)/Developer/Library/Frameworks",
					"$(inherited)",
				);
				INFOPLIST_FILE = Aula04PUCTableViewTests/Info.plist;
				LD_RUNPATH_SEARCH_PATHS = "$(inherited) @executable_path/Frameworks @loader_path/Frameworks";
				PRODUCT_NAME = "$(TARGET_NAME)";
				TEST_HOST = "$(BUILT_PRODUCTS_DIR)/Aula04PUCTableView.app/Aula04PUCTableView";
			};
			name = Release;
		};
/* End XCBuildConfiguration section */

/* Begin XCConfigurationList section */
		86C2AA451A4B65090001B5B8 /* Build configuration list for PBXProject "Aula04PUCTableView" */ = {
			isa = XCConfigurationList;
			buildConfigurations = (
				86C2AA671A4B65090001B5B8 /* Debug */,
				86C2AA681A4B65090001B5B8 /* Release */,
			);
			defaultConfigurationIsVisible = 0;
			defaultConfigurationName = Release;
		};
		86C2AA691A4B65090001B5B8 /* Build configuration list for PBXNativeTarget "Aula04PUCTableView" */ = {
			isa = XCConfigurationList;
			buildConfigurations = (
				86C2AA6A1A4B65090001B5B8 /* Debug */,
				86C2AA6B1A4B65090001B5B8 /* Release */,
			);
			defaultConfigurationIsVisible = 0;
		};
		86C2AA6C1A4B65090001B5B8 /* Build configuration list for PBXNativeTarget "Aula04PUCTableViewTests" */ = {
			isa = XCConfigurationList;
			buildConfigurations = (
				86C2AA6D1A4B65090001B5B8 /* Debug */,
				86C2AA6E1A4B65090001B5B8 /* Release */,
			);
			defaultConfigurationIsVisible = 0;
		};
/* End XCConfigurationList section */
	};
	rootObject = 86C2AA421A4B65090001B5B8 /* Project object */;
}
