// !$*UTF8*$!
{
	archiveVersion = 1;
	classes = {
	};
	objectVersion = 46;
	objects = {

/* Begin PBXBuildFile section */
		86B439E51A4CD361009C7A00 /* AppDelegate.swift in Sources */ = {isa = PBXBuildFile; fileRef = 86B439E41A4CD361009C7A00 /* AppDelegate.swift */; };
		86B439E71A4CD361009C7A00 /* ViewController.swift in Sources */ = {isa = PBXBuildFile; fileRef = 86B439E61A4CD361009C7A00 /* ViewController.swift */; };
		86B439EA1A4CD361009C7A00 /* Main.storyboard in Resources */ = {isa = PBXBuildFile; fileRef = 86B439E81A4CD361009C7A00 /* Main.storyboard */; };
		86B439EC1A4CD361009C7A00 /* Images.xcassets in Resources */ = {isa = PBXBuildFile; fileRef = 86B439EB1A4CD361009C7A00 /* Images.xcassets */; };
		86B439EF1A4CD361009C7A00 /* LaunchScreen.xib in Resources */ = {isa = PBXBuildFile; fileRef = 86B439ED1A4CD361009C7A00 /* LaunchScreen.xib */; };
		86B439FB1A4CD361009C7A00 /* Aula07PUCMiniAppTests.swift in Sources */ = {isa = PBXBuildFile; fileRef = 86B439FA1A4CD361009C7A00 /* Aula07PUCMiniAppTests.swift */; };
/* End PBXBuildFile section */

/* Begin PBXContainerItemProxy section */
		86B439F51A4CD361009C7A00 /* PBXContainerItemProxy */ = {
			isa = PBXContainerItemProxy;
			containerPortal = 86B439D71A4CD361009C7A00 /* Project object */;
			proxyType = 1;
			remoteGlobalIDString = 86B439DE1A4CD361009C7A00;
			remoteInfo = Aula07PUCMiniApp;
		};
/* End PBXContainerItemProxy section */

/* Begin PBXFileReference section */
		86B439DF1A4CD361009C7A00 /* Aula07PUCMiniApp.app */ = {isa = PBXFileReference; explicitFileType = wrapper.application; includeInIndex = 0; path = Aula07PUCMiniApp.app; sourceTree = BUILT_PRODUCTS_DIR; };
		86B439E31A4CD361009C7A00 /* Info.plist */ = {isa = PBXFileReference; lastKnownFileType = text.plist.xml; path = Info.plist; sourceTree = "<group>"; };
		86B439E41A4CD361009C7A00 /* AppDelegate.swift */ = {isa = PBXFileReference; lastKnownFileType = sourcecode.swift; path = AppDelegate.swift; sourceTree = "<group>"; };
		86B439E61A4CD361009C7A00 /* ViewController.swift */ = {isa = PBXFileReference; lastKnownFileType = sourcecode.swift; path = ViewController.swift; sourceTree = "<group>"; };
		86B439E91A4CD361009C7A00 /* Base */ = {isa = PBXFileReference; lastKnownFileType = file.storyboard; name = Base; path = Base.lproj/Main.storyboard; sourceTree = "<group>"; };
		86B439EB1A4CD361009C7A00 /* Images.xcassets */ = {isa = PBXFileReference; lastKnownFileType = folder.assetcatalog; path = Images.xcassets; sourceTree = "<group>"; };
		86B439EE1A4CD361009C7A00 /* Base */ = {isa = PBXFileReference; lastKnownFileType = file.xib; name = Base; path = Base.lproj/LaunchScreen.xib; sourceTree = "<group>"; };
		86B439F41A4CD361009C7A00 /* Aula07PUCMiniAppTests.xctest */ = {isa = PBXFileReference; explicitFileType = wrapper.cfbundle; includeInIndex = 0; path = Aula07PUCMiniAppTests.xctest; sourceTree = BUILT_PRODUCTS_DIR; };
		86B439F91A4CD361009C7A00 /* Info.plist */ = {isa = PBXFileReference; lastKnownFileType = text.plist.xml; path = Info.plist; sourceTree = "<group>"; };
		86B439FA1A4CD361009C7A00 /* Aula07PUCMiniAppTests.swift */ = {isa = PBXFileReference; lastKnownFileType = sourcecode.swift; path = Aula07PUCMiniAppTests.swift; sourceTree = "<group>"; };
/* End PBXFileReference section */

/* Begin PBXFrameworksBuildPhase section */
		86B439DC1A4CD361009C7A00 /* Frameworks */ = {
			isa = PBXFrameworksBuildPhase;
			buildActionMask = 2147483647;
			files = (
			);
			runOnlyForDeploymentPostprocessing = 0;
		};
		86B439F11A4CD361009C7A00 /* Frameworks */ = {
			isa = PBXFrameworksBuildPhase;
			buildActionMask = 2147483647;
			files = (
			);
			runOnlyForDeploymentPostprocessing = 0;
		};
/* End PBXFrameworksBuildPhase section */

/* Begin PBXGroup section */
		86B439D61A4CD361009C7A00 = {
			isa = PBXGroup;
			children = (
				86B439E11A4CD361009C7A00 /* Aula07PUCMiniApp */,
				86B439F71A4CD361009C7A00 /* Aula07PUCMiniAppTests */,
				86B439E01A4CD361009C7A00 /* Products */,
			);
			sourceTree = "<group>";
		};
		86B439E01A4CD361009C7A00 /* Products */ = {
			isa = PBXGroup;
			children = (
				86B439DF1A4CD361009C7A00 /* Aula07PUCMiniApp.app */,
				86B439F41A4CD361009C7A00 /* Aula07PUCMiniAppTests.xctest */,
			);
			name = Products;
			sourceTree = "<group>";
		};
		86B439E11A4CD361009C7A00 /* Aula07PUCMiniApp */ = {
			isa = PBXGroup;
			children = (
				86B439E41A4CD361009C7A00 /* AppDelegate.swift */,
				86B439E61A4CD361009C7A00 /* ViewController.swift */,
				86B439E81A4CD361009C7A00 /* Main.storyboard */,
				86B439EB1A4CD361009C7A00 /* Images.xcassets */,
				86B439ED1A4CD361009C7A00 /* LaunchScreen.xib */,
				86B439E21A4CD361009C7A00 /* Supporting Files */,
			);
			path = Aula07PUCMiniApp;
			sourceTree = "<group>";
		};
		86B439E21A4CD361009C7A00 /* Supporting Files */ = {
			isa = PBXGroup;
			children = (
				86B439E31A4CD361009C7A00 /* Info.plist */,
			);
			name = "Supporting Files";
			sourceTree = "<group>";
		};
		86B439F71A4CD361009C7A00 /* Aula07PUCMiniAppTests */ = {
			isa = PBXGroup;
			children = (
				86B439FA1A4CD361009C7A00 /* Aula07PUCMiniAppTests.swift */,
				86B439F81A4CD361009C7A00 /* Supporting Files */,
			);
			path = Aula07PUCMiniAppTests;
			sourceTree = "<group>";
		};
		86B439F81A4CD361009C7A00 /* Supporting Files */ = {
			isa = PBXGroup;
			children = (
				86B439F91A4CD361009C7A00 /* Info.plist */,
			);
			name = "Supporting Files";
			sourceTree = "<group>";
		};
/* End PBXGroup section */

/* Begin PBXNativeTarget section */
		86B439DE1A4CD361009C7A00 /* Aula07PUCMiniApp */ = {
			isa = PBXNativeTarget;
			buildConfigurationList = 86B439FE1A4CD361009C7A00 /* Build configuration list for PBXNativeTarget "Aula07PUCMiniApp" */;
			buildPhases = (
				86B439DB1A4CD361009C7A00 /* Sources */,
				86B439DC1A4CD361009C7A00 /* Frameworks */,
				86B439DD1A4CD361009C7A00 /* Resources */,
			);
			buildRules = (
			);
			dependencies = (
			);
			name = Aula07PUCMiniApp;
			productName = Aula07PUCMiniApp;
			productReference = 86B439DF1A4CD361009C7A00 /* Aula07PUCMiniApp.app */;
			productType = "com.apple.product-type.application";
		};
		86B439F31A4CD361009C7A00 /* Aula07PUCMiniAppTests */ = {
			isa = PBXNativeTarget;
			buildConfigurationList = 86B43A011A4CD361009C7A00 /* Build configuration list for PBXNativeTarget "Aula07PUCMiniAppTests" */;
			buildPhases = (
				86B439F01A4CD361009C7A00 /* Sources */,
				86B439F11A4CD361009C7A00 /* Frameworks */,
				86B439F21A4CD361009C7A00 /* Resources */,
			);
			buildRules = (
			);
			dependencies = (
				86B439F61A4CD361009C7A00 /* PBXTargetDependency */,
			);
			name = Aula07PUCMiniAppTests;
			productName = Aula07PUCMiniAppTests;
			productReference = 86B439F41A4CD361009C7A00 /* Aula07PUCMiniAppTests.xctest */;
			productType = "com.apple.product-type.bundle.unit-test";
		};
/* End PBXNativeTarget section */

/* Begin PBXProject section */
		86B439D71A4CD361009C7A00 /* Project object */ = {
			isa = PBXProject;
			attributes = {
				LastUpgradeCheck = 0610;
				ORGANIZATIONNAME = "Eduardo dos santos";
				TargetAttributes = {
					86B439DE1A4CD361009C7A00 = {
						CreatedOnToolsVersion = 6.1.1;
					};
					86B439F31A4CD361009C7A00 = {
						CreatedOnToolsVersion = 6.1.1;
						TestTargetID = 86B439DE1A4CD361009C7A00;
					};
				};
			};
			buildConfigurationList = 86B439DA1A4CD361009C7A00 /* Build configuration list for PBXProject "Aula07PUCMiniApp" */;
			compatibilityVersion = "Xcode 3.2";
			developmentRegion = English;
			hasScannedForEncodings = 0;
			knownRegions = (
				en,
				Base,
			);
			mainGroup = 86B439D61A4CD361009C7A00;
			productRefGroup = 86B439E01A4CD361009C7A00 /* Products */;
			projectDirPath = "";
			projectRoot = "";
			targets = (
				86B439DE1A4CD361009C7A00 /* Aula07PUCMiniApp */,
				86B439F31A4CD361009C7A00 /* Aula07PUCMiniAppTests */,
			);
		};
/* End PBXProject section */

/* Begin PBXResourcesBuildPhase section */
		86B439DD1A4CD361009C7A00 /* Resources */ = {
			isa = PBXResourcesBuildPhase;
			buildActionMask = 2147483647;
			files = (
				86B439EA1A4CD361009C7A00 /* Main.storyboard in Resources */,
				86B439EF1A4CD361009C7A00 /* LaunchScreen.xib in Resources */,
				86B439EC1A4CD361009C7A00 /* Images.xcassets in Resources */,
			);
			runOnlyForDeploymentPostprocessing = 0;
		};
		86B439F21A4CD361009C7A00 /* Resources */ = {
			isa = PBXResourcesBuildPhase;
			buildActionMask = 2147483647;
			files = (
			);
			runOnlyForDeploymentPostprocessing = 0;
		};
/* End PBXResourcesBuildPhase section */

/* Begin PBXSourcesBuildPhase section */
		86B439DB1A4CD361009C7A00 /* Sources */ = {
			isa = PBXSourcesBuildPhase;
			buildActionMask = 2147483647;
			files = (
				86B439E71A4CD361009C7A00 /* ViewController.swift in Sources */,
				86B439E51A4CD361009C7A00 /* AppDelegate.swift in Sources */,
			);
			runOnlyForDeploymentPostprocessing = 0;
		};
		86B439F01A4CD361009C7A00 /* Sources */ = {
			isa = PBXSourcesBuildPhase;
			buildActionMask = 2147483647;
			files = (
				86B439FB1A4CD361009C7A00 /* Aula07PUCMiniAppTests.swift in Sources */,
			);
			runOnlyForDeploymentPostprocessing = 0;
		};
/* End PBXSourcesBuildPhase section */

/* Begin PBXTargetDependency section */
		86B439F61A4CD361009C7A00 /* PBXTargetDependency */ = {
			isa = PBXTargetDependency;
			target = 86B439DE1A4CD361009C7A00 /* Aula07PUCMiniApp */;
			targetProxy = 86B439F51A4CD361009C7A00 /* PBXContainerItemProxy */;
		};
/* End PBXTargetDependency section */

/* Begin PBXVariantGroup section */
		86B439E81A4CD361009C7A00 /* Main.storyboard */ = {
			isa = PBXVariantGroup;
			children = (
				86B439E91A4CD361009C7A00 /* Base */,
			);
			name = Main.storyboard;
			sourceTree = "<group>";
		};
		86B439ED1A4CD361009C7A00 /* LaunchScreen.xib */ = {
			isa = PBXVariantGroup;
			children = (
				86B439EE1A4CD361009C7A00 /* Base */,
			);
			name = LaunchScreen.xib;
			sourceTree = "<group>";
		};
/* End PBXVariantGroup section */

/* Begin XCBuildConfiguration section */
		86B439FC1A4CD361009C7A00 /* Debug */ = {
			isa = XCBuildConfiguration;
			buildSettings = {
				ALWAYS_SEARCH_USER_PATHS = NO;
				CLANG_CXX_LANGUAGE_STANDARD = "gnu++0x";
				CLANG_CXX_LIBRARY = "libc++";
				CLANG_ENABLE_MODULES = YES;
				CLANG_ENABLE_OBJC_ARC = YES;
				CLANG_WARN_BOOL_CONVERSION = YES;
				CLANG_WARN_CONSTANT_CONVERSION = YES;
				CLANG_WARN_DIRECT_OBJC_ISA_USAGE = YES_ERROR;
				CLANG_WARN_EMPTY_BODY = YES;
				CLANG_WARN_ENUM_CONVERSION = YES;
				CLANG_WARN_INT_CONVERSION = YES;
				CLANG_WARN_OBJC_ROOT_CLASS = YES_ERROR;
				CLANG_WARN_UNREACHABLE_CODE = YES;
				CLANG_WARN__DUPLICATE_METHOD_MATCH = YES;
				"CODE_SIGN_IDENTITY[sdk=iphoneos*]" = "iPhone Developer";
				COPY_PHASE_STRIP = NO;
				ENABLE_STRICT_OBJC_MSGSEND = YES;
				GCC_C_LANGUAGE_STANDARD = gnu99;
				GCC_DYNAMIC_NO_PIC = NO;
				GCC_OPTIMIZATION_LEVEL = 0;
				GCC_PREPROCESSOR_DEFINITIONS = (
					"DEBUG=1",
					"$(inherited)",
				);
				GCC_SYMBOLS_PRIVATE_EXTERN = NO;
				GCC_WARN_64_TO_32_BIT_CONVERSION = YES;
				GCC_WARN_ABOUT_RETURN_TYPE = YES_ERROR;
				GCC_WARN_UNDECLARED_SELECTOR = YES;
				GCC_WARN_UNINITIALIZED_AUTOS = YES_AGGRESSIVE;
				GCC_WARN_UNUSED_FUNCTION = YES;
				GCC_WARN_UNUSED_VARIABLE = YES;
				IPHONEOS_DEPLOYMENT_TARGET = 8.1;
				MTL_ENABLE_DEBUG_INFO = YES;
				ONLY_ACTIVE_ARCH = YES;
				SDKROOT = iphoneos;
				SWIFT_OPTIMIZATION_LEVEL = "-Onone";
				TARGETED_DEVICE_FAMILY = "1,2";
			};
			name = Debug;
		};
		86B439FD1A4CD361009C7A00 /* Release */ = {
			isa = XCBuildConfiguration;
			buildSettings = {
				ALWAYS_SEARCH_USER_PATHS = NO;
				CLANG_CXX_LANGUAGE_STANDARD = "gnu++0x";
				CLANG_CXX_LIBRARY = "libc++";
				CLANG_ENABLE_MODULES = YES;
				CLANG_ENABLE_OBJC_ARC = YES;
				CLANG_WARN_BOOL_CONVERSION = YES;
				CLANG_WARN_CONSTANT_CONVERSION = YES;
				CLANG_WARN_DIRECT_OBJC_ISA_USAGE = YES_ERROR;
				CLANG_WARN_EMPTY_BODY = YES;
				CLANG_WARN_ENUM_CONVERSION = YES;
				CLANG_WARN_INT_CONVERSION = YES;
				CLANG_WARN_OBJC_ROOT_CLASS = YES_ERROR;
				CLANG_WARN_UNREACHABLE_CODE = YES;
				CLANG_WARN__DUPLICATE_METHOD_MATCH = YES;
				"CODE_SIGN_IDENTITY[sdk=iphoneos*]" = "iPhone Developer";
				COPY_PHASE_STRIP = YES;
				ENABLE_NS_ASSERTIONS = NO;
				ENABLE_STRICT_OBJC_MSGSEND = YES;
				GCC_C_LANGUAGE_STANDARD = gnu99;
				GCC_WARN_64_TO_32_BIT_CONVERSION = YES;
				GCC_WARN_ABOUT_RETURN_TYPE = YES_ERROR;
				GCC_WARN_UNDECLARED_SELECTOR = YES;
				GCC_WARN_UNINITIALIZED_AUTOS = YES_AGGRESSIVE;
				GCC_WARN_UNUSED_FUNCTION = YES;
				GCC_WARN_UNUSED_VARIABLE = YES;
				IPHONEOS_DEPLOYMENT_TARGET = 8.1;
				MTL_ENABLE_DEBUG_INFO = NO;
				SDKROOT = iphoneos;
				TARGETED_DEVICE_FAMILY = "1,2";
				VALIDATE_PRODUCT = YES;
			};
			name = Release;
		};
		86B439FF1A4CD361009C7A00 /* Debug */ = {
			isa = XCBuildConfiguration;
			buildSettings = {
				ASSETCATALOG_COMPILER_APPICON_NAME = AppIcon;
				INFOPLIST_FILE = Aula07PUCMiniApp/Info.plist;
				LD_RUNPATH_SEARCH_PATHS = "$(inherited) @executable_path/Frameworks";
				PRODUCT_NAME = "$(TARGET_NAME)";
			};
			name = Debug;
		};
		86B43A001A4CD361009C7A00 /* Release */ = {
			isa = XCBuildConfiguration;
			buildSettings = {
				ASSETCATALOG_COMPILER_APPICON_NAME = AppIcon;
				INFOPLIST_FILE = Aula07PUCMiniApp/Info.plist;
				LD_RUNPATH_SEARCH_PATHS = "$(inherited) @executable_path/Frameworks";
				PRODUCT_NAME = "$(TARGET_NAME)";
			};
			name = Release;
		};
		86B43A021A4CD361009C7A00 /* Debug */ = {
			isa = XCBuildConfiguration;
			buildSettings = {
				BUNDLE_LOADER = "$(TEST_HOST)";
				FRAMEWORK_SEARCH_PATHS = (
					"$(SDKROOT)/Developer/Library/Frameworks",
					"$(inherited)",
				);
				GCC_PREPROCESSOR_DEFINITIONS = (
					"DEBUG=1",
					"$(inherited)",
				);
				INFOPLIST_FILE = Aula07PUCMiniAppTests/Info.plist;
				LD_RUNPATH_SEARCH_PATHS = "$(inherited) @executable_path/Frameworks @loader_path/Frameworks";
				PRODUCT_NAME = "$(TARGET_NAME)";
				TEST_HOST = "$(BUILT_PRODUCTS_DIR)/Aula07PUCMiniApp.app/Aula07PUCMiniApp";
			};
			name = Debug;
		};
		86B43A031A4CD361009C7A00 /* Release */ = {
			isa = XCBuildConfiguration;
			buildSettings = {
				BUNDLE_LOADER = "$(TEST_HOST)";
				FRAMEWORK_SEARCH_PATHS = (
					"$(SDKROOT)/Developer/Library/Frameworks",
					"$(inherited)",
				);
				INFOPLIST_FILE = Aula07PUCMiniAppTests/Info.plist;
				LD_RUNPATH_SEARCH_PATHS = "$(inherited) @executable_path/Frameworks @loader_path/Frameworks";
				PRODUCT_NAME = "$(TARGET_NAME)";
				TEST_HOST = "$(BUILT_PRODUCTS_DIR)/Aula07PUCMiniApp.app/Aula07PUCMiniApp";
			};
			name = Release;
		};
/* End XCBuildConfiguration section */

/* Begin XCConfigurationList section */
		86B439DA1A4CD361009C7A00 /* Build configuration list for PBXProject "Aula07PUCMiniApp" */ = {
			isa = XCConfigurationList;
			buildConfigurations = (
				86B439FC1A4CD361009C7A00 /* Debug */,
				86B439FD1A4CD361009C7A00 /* Release */,
			);
			defaultConfigurationIsVisible = 0;
			defaultConfigurationName = Release;
		};
		86B439FE1A4CD361009C7A00 /* Build configuration list for PBXNativeTarget "Aula07PUCMiniApp" */ = {
			isa = XCConfigurationList;
			buildConfigurations = (
				86B439FF1A4CD361009C7A00 /* Debug */,
				86B43A001A4CD361009C7A00 /* Release */,
			);
			defaultConfigurationIsVisible = 0;
		};
		86B43A011A4CD361009C7A00 /* Build configuration list for PBXNativeTarget "Aula07PUCMiniAppTests" */ = {
			isa = XCConfigurationList;
			buildConfigurations = (
				86B43A021A4CD361009C7A00 /* Debug */,
				86B43A031A4CD361009C7A00 /* Release */,
			);
			defaultConfigurationIsVisible = 0;
		};
/* End XCConfigurationList section */
	};
	rootObject = 86B439D71A4CD361009C7A00 /* Project object */;
}
