// !$*UTF8*$!
{
	archiveVersion = 1;
	classes = {
	};
	objectVersion = 46;
	objects = {

/* Begin PBXBuildFile section */
		86724E0D1A4BBC7E009DDA8D /* AppDelegate.swift in Sources */ = {isa = PBXBuildFile; fileRef = 86724E0C1A4BBC7E009DDA8D /* AppDelegate.swift */; };
		86724E0F1A4BBC7E009DDA8D /* ViewController.swift in Sources */ = {isa = PBXBuildFile; fileRef = 86724E0E1A4BBC7E009DDA8D /* ViewController.swift */; };
		86724E121A4BBC7E009DDA8D /* Main.storyboard in Resources */ = {isa = PBXBuildFile; fileRef = 86724E101A4BBC7E009DDA8D /* Main.storyboard */; };
		86724E141A4BBC7E009DDA8D /* Images.xcassets in Resources */ = {isa = PBXBuildFile; fileRef = 86724E131A4BBC7E009DDA8D /* Images.xcassets */; };
		86724E171A4BBC7E009DDA8D /* LaunchScreen.xib in Resources */ = {isa = PBXBuildFile; fileRef = 86724E151A4BBC7E009DDA8D /* LaunchScreen.xib */; };
		86724E231A4BBC7E009DDA8D /* Aula06PUCTests.swift in Sources */ = {isa = PBXBuildFile; fileRef = 86724E221A4BBC7E009DDA8D /* Aula06PUCTests.swift */; };
		86724E2D1A4BBDA1009DDA8D /* CustomTableViewCell.swift in Sources */ = {isa = PBXBuildFile; fileRef = 86724E2C1A4BBDA1009DDA8D /* CustomTableViewCell.swift */; };
/* End PBXBuildFile section */

/* Begin PBXContainerItemProxy section */
		86724E1D1A4BBC7E009DDA8D /* PBXContainerItemProxy */ = {
			isa = PBXContainerItemProxy;
			containerPortal = 86724DFF1A4BBC7E009DDA8D /* Project object */;
			proxyType = 1;
			remoteGlobalIDString = 86724E061A4BBC7E009DDA8D;
			remoteInfo = Aula06PUC;
		};
/* End PBXContainerItemProxy section */

/* Begin PBXFileReference section */
		86724E071A4BBC7E009DDA8D /* Aula06PUC.app */ = {isa = PBXFileReference; explicitFileType = wrapper.application; includeInIndex = 0; path = Aula06PUC.app; sourceTree = BUILT_PRODUCTS_DIR; };
		86724E0B1A4BBC7E009DDA8D /* Info.plist */ = {isa = PBXFileReference; lastKnownFileType = text.plist.xml; path = Info.plist; sourceTree = "<group>"; };
		86724E0C1A4BBC7E009DDA8D /* AppDelegate.swift */ = {isa = PBXFileReference; lastKnownFileType = sourcecode.swift; path = AppDelegate.swift; sourceTree = "<group>"; };
		86724E0E1A4BBC7E009DDA8D /* ViewController.swift */ = {isa = PBXFileReference; lastKnownFileType = sourcecode.swift; path = ViewController.swift; sourceTree = "<group>"; };
		86724E111A4BBC7E009DDA8D /* Base */ = {isa = PBXFileReference; lastKnownFileType = file.storyboard; name = Base; path = Base.lproj/Main.storyboard; sourceTree = "<group>"; };
		86724E131A4BBC7E009DDA8D /* Images.xcassets */ = {isa = PBXFileReference; lastKnownFileType = folder.assetcatalog; path = Images.xcassets; sourceTree = "<group>"; };
		86724E161A4BBC7E009DDA8D /* Base */ = {isa = PBXFileReference; lastKnownFileType = file.xib; name = Base; path = Base.lproj/LaunchScreen.xib; sourceTree = "<group>"; };
		86724E1C1A4BBC7E009DDA8D /* Aula06PUCTests.xctest */ = {isa = PBXFileReference; explicitFileType = wrapper.cfbundle; includeInIndex = 0; path = Aula06PUCTests.xctest; sourceTree = BUILT_PRODUCTS_DIR; };
		86724E211A4BBC7E009DDA8D /* Info.plist */ = {isa = PBXFileReference; lastKnownFileType = text.plist.xml; path = Info.plist; sourceTree = "<group>"; };
		86724E221A4BBC7E009DDA8D /* Aula06PUCTests.swift */ = {isa = PBXFileReference; lastKnownFileType = sourcecode.swift; path = Aula06PUCTests.swift; sourceTree = "<group>"; };
		86724E2C1A4BBDA1009DDA8D /* CustomTableViewCell.swift */ = {isa = PBXFileReference; fileEncoding = 4; lastKnownFileType = sourcecode.swift; path = CustomTableViewCell.swift; sourceTree = "<group>"; };
/* End PBXFileReference section */

/* Begin PBXFrameworksBuildPhase section */
		86724E041A4BBC7E009DDA8D /* Frameworks */ = {
			isa = PBXFrameworksBuildPhase;
			buildActionMask = 2147483647;
			files = (
			);
			runOnlyForDeploymentPostprocessing = 0;
		};
		86724E191A4BBC7E009DDA8D /* Frameworks */ = {
			isa = PBXFrameworksBuildPhase;
			buildActionMask = 2147483647;
			files = (
			);
			runOnlyForDeploymentPostprocessing = 0;
		};
/* End PBXFrameworksBuildPhase section */

/* Begin PBXGroup section */
		86724DFE1A4BBC7E009DDA8D = {
			isa = PBXGroup;
			children = (
				86724E091A4BBC7E009DDA8D /* Aula06PUC */,
				86724E1F1A4BBC7E009DDA8D /* Aula06PUCTests */,
				86724E081A4BBC7E009DDA8D /* Products */,
			);
			sourceTree = "<group>";
		};
		86724E081A4BBC7E009DDA8D /* Products */ = {
			isa = PBXGroup;
			children = (
				86724E071A4BBC7E009DDA8D /* Aula06PUC.app */,
				86724E1C1A4BBC7E009DDA8D /* Aula06PUCTests.xctest */,
			);
			name = Products;
			sourceTree = "<group>";
		};
		86724E091A4BBC7E009DDA8D /* Aula06PUC */ = {
			isa = PBXGroup;
			children = (
				86724E0C1A4BBC7E009DDA8D /* AppDelegate.swift */,
				86724E0E1A4BBC7E009DDA8D /* ViewController.swift */,
				86724E2C1A4BBDA1009DDA8D /* CustomTableViewCell.swift */,
				86724E101A4BBC7E009DDA8D /* Main.storyboard */,
				86724E131A4BBC7E009DDA8D /* Images.xcassets */,
				86724E151A4BBC7E009DDA8D /* LaunchScreen.xib */,
				86724E0A1A4BBC7E009DDA8D /* Supporting Files */,
			);
			path = Aula06PUC;
			sourceTree = "<group>";
		};
		86724E0A1A4BBC7E009DDA8D /* Supporting Files */ = {
			isa = PBXGroup;
			children = (
				86724E0B1A4BBC7E009DDA8D /* Info.plist */,
			);
			name = "Supporting Files";
			sourceTree = "<group>";
		};
		86724E1F1A4BBC7E009DDA8D /* Aula06PUCTests */ = {
			isa = PBXGroup;
			children = (
				86724E221A4BBC7E009DDA8D /* Aula06PUCTests.swift */,
				86724E201A4BBC7E009DDA8D /* Supporting Files */,
			);
			path = Aula06PUCTests;
			sourceTree = "<group>";
		};
		86724E201A4BBC7E009DDA8D /* Supporting Files */ = {
			isa = PBXGroup;
			children = (
				86724E211A4BBC7E009DDA8D /* Info.plist */,
			);
			name = "Supporting Files";
			sourceTree = "<group>";
		};
/* End PBXGroup section */

/* Begin PBXNativeTarget section */
		86724E061A4BBC7E009DDA8D /* Aula06PUC */ = {
			isa = PBXNativeTarget;
			buildConfigurationList = 86724E261A4BBC7E009DDA8D /* Build configuration list for PBXNativeTarget "Aula06PUC" */;
			buildPhases = (
				86724E031A4BBC7E009DDA8D /* Sources */,
				86724E041A4BBC7E009DDA8D /* Frameworks */,
				86724E051A4BBC7E009DDA8D /* Resources */,
			);
			buildRules = (
			);
			dependencies = (
			);
			name = Aula06PUC;
			productName = Aula06PUC;
			productReference = 86724E071A4BBC7E009DDA8D /* Aula06PUC.app */;
			productType = "com.apple.product-type.application";
		};
		86724E1B1A4BBC7E009DDA8D /* Aula06PUCTests */ = {
			isa = PBXNativeTarget;
			buildConfigurationList = 86724E291A4BBC7E009DDA8D /* Build configuration list for PBXNativeTarget "Aula06PUCTests" */;
			buildPhases = (
				86724E181A4BBC7E009DDA8D /* Sources */,
				86724E191A4BBC7E009DDA8D /* Frameworks */,
				86724E1A1A4BBC7E009DDA8D /* Resources */,
			);
			buildRules = (
			);
			dependencies = (
				86724E1E1A4BBC7E009DDA8D /* PBXTargetDependency */,
			);
			name = Aula06PUCTests;
			productName = Aula06PUCTests;
			productReference = 86724E1C1A4BBC7E009DDA8D /* Aula06PUCTests.xctest */;
			productType = "com.apple.product-type.bundle.unit-test";
		};
/* End PBXNativeTarget section */

/* Begin PBXProject section */
		86724DFF1A4BBC7E009DDA8D /* Project object */ = {
			isa = PBXProject;
			attributes = {
				LastUpgradeCheck = 0610;
				ORGANIZATIONNAME = "Eduardo dos santos";
				TargetAttributes = {
					86724E061A4BBC7E009DDA8D = {
						CreatedOnToolsVersion = 6.1.1;
					};
					86724E1B1A4BBC7E009DDA8D = {
						CreatedOnToolsVersion = 6.1.1;
						TestTargetID = 86724E061A4BBC7E009DDA8D;
					};
				};
			};
			buildConfigurationList = 86724E021A4BBC7E009DDA8D /* Build configuration list for PBXProject "Aula06PUC" */;
			compatibilityVersion = "Xcode 3.2";
			developmentRegion = English;
			hasScannedForEncodings = 0;
			knownRegions = (
				en,
				Base,
			);
			mainGroup = 86724DFE1A4BBC7E009DDA8D;
			productRefGroup = 86724E081A4BBC7E009DDA8D /* Products */;
			projectDirPath = "";
			projectRoot = "";
			targets = (
				86724E061A4BBC7E009DDA8D /* Aula06PUC */,
				86724E1B1A4BBC7E009DDA8D /* Aula06PUCTests */,
			);
		};
/* End PBXProject section */

/* Begin PBXResourcesBuildPhase section */
		86724E051A4BBC7E009DDA8D /* Resources */ = {
			isa = PBXResourcesBuildPhase;
			buildActionMask = 2147483647;
			files = (
				86724E121A4BBC7E009DDA8D /* Main.storyboard in Resources */,
				86724E171A4BBC7E009DDA8D /* LaunchScreen.xib in Resources */,
				86724E141A4BBC7E009DDA8D /* Images.xcassets in Resources */,
			);
			runOnlyForDeploymentPostprocessing = 0;
		};
		86724E1A1A4BBC7E009DDA8D /* Resources */ = {
			isa = PBXResourcesBuildPhase;
			buildActionMask = 2147483647;
			files = (
			);
			runOnlyForDeploymentPostprocessing = 0;
		};
/* End PBXResourcesBuildPhase section */

/* Begin PBXSourcesBuildPhase section */
		86724E031A4BBC7E009DDA8D /* Sources */ = {
			isa = PBXSourcesBuildPhase;
			buildActionMask = 2147483647;
			files = (
				86724E2D1A4BBDA1009DDA8D /* CustomTableViewCell.swift in Sources */,
				86724E0F1A4BBC7E009DDA8D /* ViewController.swift in Sources */,
				86724E0D1A4BBC7E009DDA8D /* AppDelegate.swift in Sources */,
			);
			runOnlyForDeploymentPostprocessing = 0;
		};
		86724E181A4BBC7E009DDA8D /* Sources */ = {
			isa = PBXSourcesBuildPhase;
			buildActionMask = 2147483647;
			files = (
				86724E231A4BBC7E009DDA8D /* Aula06PUCTests.swift in Sources */,
			);
			runOnlyForDeploymentPostprocessing = 0;
		};
/* End PBXSourcesBuildPhase section */

/* Begin PBXTargetDependency section */
		86724E1E1A4BBC7E009DDA8D /* PBXTargetDependency */ = {
			isa = PBXTargetDependency;
			target = 86724E061A4BBC7E009DDA8D /* Aula06PUC */;
			targetProxy = 86724E1D1A4BBC7E009DDA8D /* PBXContainerItemProxy */;
		};
/* End PBXTargetDependency section */

/* Begin PBXVariantGroup section */
		86724E101A4BBC7E009DDA8D /* Main.storyboard */ = {
			isa = PBXVariantGroup;
			children = (
				86724E111A4BBC7E009DDA8D /* Base */,
			);
			name = Main.storyboard;
			sourceTree = "<group>";
		};
		86724E151A4BBC7E009DDA8D /* LaunchScreen.xib */ = {
			isa = PBXVariantGroup;
			children = (
				86724E161A4BBC7E009DDA8D /* Base */,
			);
			name = LaunchScreen.xib;
			sourceTree = "<group>";
		};
/* End PBXVariantGroup section */

/* Begin XCBuildConfiguration section */
		86724E241A4BBC7E009DDA8D /* Debug */ = {
			isa = XCBuildConfiguration;
			buildSettings = {
				ALWAYS_SEARCH_USER_PATHS = NO;
				CLANG_CXX_LANGUAGE_STANDARD = "gnu++0x";
				CLANG_CXX_LIBRARY = "libc++";
				CLANG_ENABLE_MODULES = YES;
				CLANG_ENABLE_OBJC_ARC = YES;
				CLANG_WARN_BOOL_CONVERSION = YES;
				CLANG_WARN_CONSTANT_CONVERSION = YES;
				CLANG_WARN_DIRECT_OBJC_ISA_USAGE = YES_ERROR;
				CLANG_WARN_EMPTY_BODY = YES;
				CLANG_WARN_ENUM_CONVERSION = YES;
				CLANG_WARN_INT_CONVERSION = YES;
				CLANG_WARN_OBJC_ROOT_CLASS = YES_ERROR;
				CLANG_WARN_UNREACHABLE_CODE = YES;
				CLANG_WARN__DUPLICATE_METHOD_MATCH = YES;
				"CODE_SIGN_IDENTITY[sdk=iphoneos*]" = "iPhone Developer";
				COPY_PHASE_STRIP = NO;
				ENABLE_STRICT_OBJC_MSGSEND = YES;
				GCC_C_LANGUAGE_STANDARD = gnu99;
				GCC_DYNAMIC_NO_PIC = NO;
				GCC_OPTIMIZATION_LEVEL = 0;
				GCC_PREPROCESSOR_DEFINITIONS = (
					"DEBUG=1",
					"$(inherited)",
				);
				GCC_SYMBOLS_PRIVATE_EXTERN = NO;
				GCC_WARN_64_TO_32_BIT_CONVERSION = YES;
				GCC_WARN_ABOUT_RETURN_TYPE = YES_ERROR;
				GCC_WARN_UNDECLARED_SELECTOR = YES;
				GCC_WARN_UNINITIALIZED_AUTOS = YES_AGGRESSIVE;
				GCC_WARN_UNUSED_FUNCTION = YES;
				GCC_WARN_UNUSED_VARIABLE = YES;
				IPHONEOS_DEPLOYMENT_TARGET = 8.1;
				MTL_ENABLE_DEBUG_INFO = YES;
				ONLY_ACTIVE_ARCH = YES;
				SDKROOT = iphoneos;
				SWIFT_OPTIMIZATION_LEVEL = "-Onone";
				TARGETED_DEVICE_FAMILY = "1,2";
			};
			name = Debug;
		};
		86724E251A4BBC7E009DDA8D /* Release */ = {
			isa = XCBuildConfiguration;
			buildSettings = {
				ALWAYS_SEARCH_USER_PATHS = NO;
				CLANG_CXX_LANGUAGE_STANDARD = "gnu++0x";
				CLANG_CXX_LIBRARY = "libc++";
				CLANG_ENABLE_MODULES = YES;
				CLANG_ENABLE_OBJC_ARC = YES;
				CLANG_WARN_BOOL_CONVERSION = YES;
				CLANG_WARN_CONSTANT_CONVERSION = YES;
				CLANG_WARN_DIRECT_OBJC_ISA_USAGE = YES_ERROR;
				CLANG_WARN_EMPTY_BODY = YES;
				CLANG_WARN_ENUM_CONVERSION = YES;
				CLANG_WARN_INT_CONVERSION = YES;
				CLANG_WARN_OBJC_ROOT_CLASS = YES_ERROR;
				CLANG_WARN_UNREACHABLE_CODE = YES;
				CLANG_WARN__DUPLICATE_METHOD_MATCH = YES;
				"CODE_SIGN_IDENTITY[sdk=iphoneos*]" = "iPhone Developer";
				COPY_PHASE_STRIP = YES;
				ENABLE_NS_ASSERTIONS = NO;
				ENABLE_STRICT_OBJC_MSGSEND = YES;
				GCC_C_LANGUAGE_STANDARD = gnu99;
				GCC_WARN_64_TO_32_BIT_CONVERSION = YES;
				GCC_WARN_ABOUT_RETURN_TYPE = YES_ERROR;
				GCC_WARN_UNDECLARED_SELECTOR = YES;
				GCC_WARN_UNINITIALIZED_AUTOS = YES_AGGRESSIVE;
				GCC_WARN_UNUSED_FUNCTION = YES;
				GCC_WARN_UNUSED_VARIABLE = YES;
				IPHONEOS_DEPLOYMENT_TARGET = 8.1;
				MTL_ENABLE_DEBUG_INFO = NO;
				SDKROOT = iphoneos;
				TARGETED_DEVICE_FAMILY = "1,2";
				VALIDATE_PRODUCT = YES;
			};
			name = Release;
		};
		86724E271A4BBC7E009DDA8D /* Debug */ = {
			isa = XCBuildConfiguration;
			buildSettings = {
				ASSETCATALOG_COMPILER_APPICON_NAME = AppIcon;
				INFOPLIST_FILE = Aula06PUC/Info.plist;
				LD_RUNPATH_SEARCH_PATHS = "$(inherited) @executable_path/Frameworks";
				PRODUCT_NAME = "$(TARGET_NAME)";
			};
			name = Debug;
		};
		86724E281A4BBC7E009DDA8D /* Release */ = {
			isa = XCBuildConfiguration;
			buildSettings = {
				ASSETCATALOG_COMPILER_APPICON_NAME = AppIcon;
				INFOPLIST_FILE = Aula06PUC/Info.plist;
				LD_RUNPATH_SEARCH_PATHS = "$(inherited) @executable_path/Frameworks";
				PRODUCT_NAME = "$(TARGET_NAME)";
			};
			name = Release;
		};
		86724E2A1A4BBC7E009DDA8D /* Debug */ = {
			isa = XCBuildConfiguration;
			buildSettings = {
				BUNDLE_LOADER = "$(TEST_HOST)";
				FRAMEWORK_SEARCH_PATHS = (
					"$(SDKROOT)/Developer/Library/Frameworks",
					"$(inherited)",
				);
				GCC_PREPROCESSOR_DEFINITIONS = (
					"DEBUG=1",
					"$(inherited)",
				);
				INFOPLIST_FILE = Aula06PUCTests/Info.plist;
				LD_RUNPATH_SEARCH_PATHS = "$(inherited) @executable_path/Frameworks @loader_path/Frameworks";
				PRODUCT_NAME = "$(TARGET_NAME)";
				TEST_HOST = "$(BUILT_PRODUCTS_DIR)/Aula06PUC.app/Aula06PUC";
			};
			name = Debug;
		};
		86724E2B1A4BBC7E009DDA8D /* Release */ = {
			isa = XCBuildConfiguration;
			buildSettings = {
				BUNDLE_LOADER = "$(TEST_HOST)";
				FRAMEWORK_SEARCH_PATHS = (
					"$(SDKROOT)/Developer/Library/Frameworks",
					"$(inherited)",
				);
				INFOPLIST_FILE = Aula06PUCTests/Info.plist;
				LD_RUNPATH_SEARCH_PATHS = "$(inherited) @executable_path/Frameworks @loader_path/Frameworks";
				PRODUCT_NAME = "$(TARGET_NAME)";
				TEST_HOST = "$(BUILT_PRODUCTS_DIR)/Aula06PUC.app/Aula06PUC";
			};
			name = Release;
		};
/* End XCBuildConfiguration section */

/* Begin XCConfigurationList section */
		86724E021A4BBC7E009DDA8D /* Build configuration list for PBXProject "Aula06PUC" */ = {
			isa = XCConfigurationList;
			buildConfigurations = (
				86724E241A4BBC7E009DDA8D /* Debug */,
				86724E251A4BBC7E009DDA8D /* Release */,
			);
			defaultConfigurationIsVisible = 0;
			defaultConfigurationName = Release;
		};
		86724E261A4BBC7E009DDA8D /* Build configuration list for PBXNativeTarget "Aula06PUC" */ = {
			isa = XCConfigurationList;
			buildConfigurations = (
				86724E271A4BBC7E009DDA8D /* Debug */,
				86724E281A4BBC7E009DDA8D /* Release */,
			);
			defaultConfigurationIsVisible = 0;
		};
		86724E291A4BBC7E009DDA8D /* Build configuration list for PBXNativeTarget "Aula06PUCTests" */ = {
			isa = XCConfigurationList;
			buildConfigurations = (
				86724E2A1A4BBC7E009DDA8D /* Debug */,
				86724E2B1A4BBC7E009DDA8D /* Release */,
			);
			defaultConfigurationIsVisible = 0;
		};
/* End XCConfigurationList section */
	};
	rootObject = 86724DFF1A4BBC7E009DDA8D /* Project object */;
}
